
Microsoft Visual Studio Solution File, Format Version 12.00
# Visual Studio Version 16
VisualStudioVersion = 16.0.30128.74
MinimumVisualStudioVersion = 10.0.40219.1
Project("{FAE04EC0-301F-11D3-BF4B-00C04F79EFBC}") = "CourtroomProject", "CourtroomProject\CourtroomProject.csproj", "{36023B10-FF92-44EB-A654-452DD74BDBE0}"
EndProject
Global
	GlobalSection(SolutionConfigurationPlatforms) = preSolution
		Debug|Any CPU = Debug|Any CPU
		Release|Any CPU = Release|Any CPU
	EndGlobalSection
	GlobalSection(ProjectConfigurationPlatforms) = postSolution
		{36023B10-FF92-44EB-A654-452DD74BDBE0}.Debug|Any CPU.ActiveCfg = Debug|Any CPU
		{36023B10-FF92-44EB-A654-452DD74BDBE0}.Debug|Any CPU.Build.0 = Debug|Any CPU
		{36023B10-FF92-44EB-A654-452DD74BDBE0}.Release|Any CPU.ActiveCfg = Release|Any CPU
		{36023B10-FF92-44EB-A654-452DD74BDBE0}.Release|Any CPU.Build.0 = Release|Any CPU
	EndGlobalSection
	GlobalSection(SolutionProperties) = preSolution
		HideSolutionNode = FALSE
	EndGlobalSection
	GlobalSection(ExtensibilityGlobals) = postSolution
		SolutionGuid = {0A959F86-CDF7-4C53-979A-EA5A7E0D5166}
	EndGlobalSection
EndGlobal
